{
  "name": "gh-conf-validate",
  "version": "1.0.0",
  "lockfileVersion": 1,
  "requires": true,
  "dependencies": {
    "@gh-conf/gh-conf-response": {
      "version": "1.0.0",
      "resolved": "https://registry.npmjs.org/@gh-conf/gh-conf-response/-/gh-conf-response-1.0.0.tgz",
      "integrity": "sha512-APreGAZXnpUwwoLwEEEkADlmzl/LS3+SqNSGmKtlI9XA1EQwfJujDv+CvfwYdkUKXyvFbvCMq/evqJwGNrLsEQ=="
    }
  }
}
